
Microsoft Visual Studio Solution File, Format Version 12.00
# Visual Studio Version 17
VisualStudioVersion = 17.7.34024.191
MinimumVisualStudioVersion = 10.0.40219.1
Project("{9A19103F-16F7-4668-BE54-9A1E7A4F7556}") = "Serilog.Sinks.SQLite", "src\Serilog.Sinks.SQLite\Serilog.Sinks.SQLite.csproj", "{8A364AE9-8D8E-47DB-8EBF-72F585FB4B08}"
EndProject
Global
	GlobalSection(SolutionConfigurationPlatforms) = preSolution
		Debug|Any CPU = Debug|Any CPU
		Release|Any CPU = Release|Any CPU
	EndGlobalSection
	GlobalSection(ProjectConfigurationPlatforms) = postSolution
		{8A364AE9-8D8E-47DB-8EBF-72F585FB4B08}.Debug|Any CPU.ActiveCfg = Debug|Any CPU
		{8A364AE9-8D8E-47DB-8EBF-72F585FB4B08}.Debug|Any CPU.Build.0 = Debug|Any CPU
		{8A364AE9-8D8E-47DB-8EBF-72F585FB4B08}.Release|Any CPU.ActiveCfg = Release|Any CPU
		{8A364AE9-8D8E-47DB-8EBF-72F585FB4B08}.Release|Any CPU.Build.0 = Release|Any CPU
	EndGlobalSection
	GlobalSection(SolutionProperties) = preSolution
		HideSolutionNode = FALSE
	EndGlobalSection
	GlobalSection(ExtensibilityGlobals) = postSolution
		SolutionGuid = {A69807FC-22C4-4248-8466-270C6D715704}
	EndGlobalSection
EndGlobal
